
Microsoft Visual Studio Solution File, Format Version 12.00
# Visual Studio Version 16
VisualStudioVersion = 16.0.30204.135
MinimumVisualStudioVersion = 10.0.40219.1
Project("{8BC9CEB8-8B4A-11D0-8D11-00A0C91BC942}") = "Camera", "Camera.vcxproj", "{DEABE190-1CAF-40E2-B404-6E29CEB0CCA0}"
EndProject
Project("{54435603-DBB4-11D2-8724-00A0C9A8B90C}") = "Happy Birthday", "C:\Users\Chamico\Desktop\Ready\test\Setup1\Setup1.vdproj", "{530A4832-C89A-45DE-A225-5FFB21017D5C}"
EndProject
Global
	GlobalSection(SolutionConfigurationPlatforms) = preSolution
		Debug|x64 = Debug|x64
		Release|x64 = Release|x64
	EndGlobalSection
	GlobalSection(ProjectConfigurationPlatforms) = postSolution
		{DEABE190-1CAF-40E2-B404-6E29CEB0CCA0}.Debug|x64.ActiveCfg = Debug|x64
		{DEABE190-1CAF-40E2-B404-6E29CEB0CCA0}.Debug|x64.Build.0 = Debug|x64
		{DEABE190-1CAF-40E2-B404-6E29CEB0CCA0}.Release|x64.ActiveCfg = Release|x64
		{DEABE190-1CAF-40E2-B404-6E29CEB0CCA0}.Release|x64.Build.0 = Release|x64
		{530A4832-C89A-45DE-A225-5FFB21017D5C}.Debug|x64.ActiveCfg = Debug
		{530A4832-C89A-45DE-A225-5FFB21017D5C}.Release|x64.ActiveCfg = Release
	EndGlobalSection
	GlobalSection(SolutionProperties) = preSolution
		HideSolutionNode = FALSE
	EndGlobalSection
	GlobalSection(ExtensibilityGlobals) = postSolution
		SolutionGuid = {CC622C1A-598D-4E16-9821-1177ED68009F}
	EndGlobalSection
EndGlobal
